
Microsoft Visual Studio Solution File, Format Version 12.00
# Visual Studio Version 17
VisualStudioVersion = 17.9.34723.18
MinimumVisualStudioVersion = 10.0.40219.1
Project("{FAE04EC0-301F-11D3-BF4B-00C04F79EFBC}") = "j_alveess", "j_alveess.csproj", "{939ADB52-0ADA-485C-A346-18039C744C5B}"
EndProject
Global
	GlobalSection(SolutionConfigurationPlatforms) = preSolution
		Debug|Any CPU = Debug|Any CPU
		Release|Any CPU = Release|Any CPU
	EndGlobalSection
	GlobalSection(ProjectConfigurationPlatforms) = postSolution
		{939ADB52-0ADA-485C-A346-18039C744C5B}.Debug|Any CPU.ActiveCfg = Debug|Any CPU
		{939ADB52-0ADA-485C-A346-18039C744C5B}.Debug|Any CPU.Build.0 = Debug|Any CPU
		{939ADB52-0ADA-485C-A346-18039C744C5B}.Release|Any CPU.ActiveCfg = Release|Any CPU
		{939ADB52-0ADA-485C-A346-18039C744C5B}.Release|Any CPU.Build.0 = Release|Any CPU
	EndGlobalSection
	GlobalSection(SolutionProperties) = preSolution
		HideSolutionNode = FALSE
	EndGlobalSection
	GlobalSection(ExtensibilityGlobals) = postSolution
		SolutionGuid = {2A2197A3-AC74-4E13-9646-7B935735448B}
	EndGlobalSection
EndGlobal
